// !$*UTF8*$!
{
	archiveVersion = 1;
	classes = {
	};
	objectVersion = 46;
	objects = {

/* Begin PBXBuildFile section */
		129F9183C4FBA0F1ADAB305C /* SOSLogParser.m in Sources */ = {isa = PBXBuildFile; fileRef = 129F9E9795DE5A15543DA9BC /* SOSLogParser.m */; };
		129F928613486D0B36A148EC /* Log.h in CopyFiles */ = {isa = PBXBuildFile; fileRef = 129F98343F0DC04A71AB1EF5 /* Log.h */; };
		129F92A5B5FE7B83200D48DA /* TabbedLogTargetFactory.m in Sources */ = {isa = PBXBuildFile; fileRef = 129F92FB37E12BF6DF4E7B70 /* TabbedLogTargetFactory.m */; };
		129F9378547C2388AF24C8A6 /* Security.framework in Frameworks */ = {isa = PBXBuildFile; fileRef = 9F4936AA15E195C60003DAB1 /* Security.framework */; };
		129F95D4BE481C6458E79422 /* TabbedLogTarget.m in Sources */ = {isa = PBXBuildFile; fileRef = 129F90EE3F9D9859EE462B3D /* TabbedLogTarget.m */; };
		129F987384621A290787BAE5 /* Log.m in Sources */ = {isa = PBXBuildFile; fileRef = 129F9D2D50CCDE77F58E720B /* Log.m */; };
		129F98F7DC61E600EE043935 /* LogParser.h in CopyFiles */ = {isa = PBXBuildFile; fileRef = 129F9A960855E49E0F931449 /* LogParser.h */; };
		129F9DA3331281DE06BEB3E1 /* FlibtyHelper.m in Sources */ = {isa = PBXBuildFile; fileRef = 129F904DDAEE790B5C6C3E4B /* FlibtyHelper.m */; };
		129F9E8448EF08E746A3673C /* SOSLogParser.h in CopyFiles */ = {isa = PBXBuildFile; fileRef = 129F9D6208E40F188A298B13 /* SOSLogParser.h */; };
		129F9EAFF7AAD3A513DAE6D8 /* LogContainer.m in Sources */ = {isa = PBXBuildFile; fileRef = 129F9F09616B318B26B937C5 /* LogContainer.m */; };
		129F9F10642223C20D11D52B /* FlibtyConnection.m in Sources */ = {isa = PBXBuildFile; fileRef = 129F9CEC79518C7329A376C7 /* FlibtyConnection.m */; };
		9F144D881602D1E600D66F8E /* TabbedLogView.xib in Resources */ = {isa = PBXBuildFile; fileRef = 9F144D871602D1E600D66F8E /* TabbedLogView.xib */; };
		9F49366A15E0A2350003DAB1 /* Cocoa.framework in Frameworks */ = {isa = PBXBuildFile; fileRef = 9F49366915E0A2350003DAB1 /* Cocoa.framework */; };
		9F49367415E0A2350003DAB1 /* InfoPlist.strings in Resources */ = {isa = PBXBuildFile; fileRef = 9F49367215E0A2350003DAB1 /* InfoPlist.strings */; };
		9F49367615E0A2350003DAB1 /* main.m in Sources */ = {isa = PBXBuildFile; fileRef = 9F49367515E0A2350003DAB1 /* main.m */; };
		9F49367A15E0A2350003DAB1 /* Credits.rtf in Resources */ = {isa = PBXBuildFile; fileRef = 9F49367815E0A2350003DAB1 /* Credits.rtf */; };
		9F49367D15E0A2350003DAB1 /* FlibtyAppDelegate.m in Sources */ = {isa = PBXBuildFile; fileRef = 9F49367C15E0A2350003DAB1 /* FlibtyAppDelegate.m */; };
		9F49368015E0A2350003DAB1 /* MainMenu.xib in Resources */ = {isa = PBXBuildFile; fileRef = 9F49367E15E0A2350003DAB1 /* MainMenu.xib */; };
		9F4936A715E1891D0003DAB1 /* FlibtyServer.m in Sources */ = {isa = PBXBuildFile; fileRef = 9F4936A615E1891D0003DAB1 /* FlibtyServer.m */; };
		9F4936AE15E196440003DAB1 /* GCDAsyncSocket.m in Sources */ = {isa = PBXBuildFile; fileRef = 9F49369F15E175110003DAB1 /* GCDAsyncSocket.m */; };
		9F4936B015E196440003DAB1 /* GCDAsyncUdpSocket.m in Sources */ = {isa = PBXBuildFile; fileRef = 9F4936A115E175110003DAB1 /* GCDAsyncUdpSocket.m */; };
		9F4936BF15E2935A0003DAB1 /* StringUtil.m in Sources */ = {isa = PBXBuildFile; fileRef = 9F4936B715E2935A0003DAB1 /* StringUtil.m */; };
		9F4936C115E2935A0003DAB1 /* XML.m in Sources */ = {isa = PBXBuildFile; fileRef = 9F4936B915E2935A0003DAB1 /* XML.m */; };
		9F4936C315E2935A0003DAB1 /* XMLLoader.m in Sources */ = {isa = PBXBuildFile; fileRef = 9F4936BB15E2935A0003DAB1 /* XMLLoader.m */; };
		9F4936C515E2935A0003DAB1 /* XMLLoadWatcher.m in Sources */ = {isa = PBXBuildFile; fileRef = 9F4936BE15E2935A0003DAB1 /* XMLLoadWatcher.m */; };
		9F495D251604495D00D30526 /* PSMTabBarControl.framework in Frameworks */ = {isa = PBXBuildFile; fileRef = 9F495D241604495D00D30526 /* PSMTabBarControl.framework */; };
		9F495D3016044FA500D30526 /* TabModel.m in Sources */ = {isa = PBXBuildFile; fileRef = 9F495D2F16044FA500D30526 /* TabModel.m */; };
		9F59524C15FD927400EDC44E /* LogDataSource.m in Sources */ = {isa = PBXBuildFile; fileRef = 9F59524B15FD927400EDC44E /* LogDataSource.m */; };
		9F71CF5F15F4722E00020C24 /* LogContainer.xib in Resources */ = {isa = PBXBuildFile; fileRef = 9F71CF5E15F4722E00020C24 /* LogContainer.xib */; };
/* End PBXBuildFile section */

/* Begin PBXCopyFilesBuildPhase section */
		9F17176715EB3386006466A0 /* CopyFiles */ = {
			isa = PBXCopyFilesBuildPhase;
			buildActionMask = 2147483647;
			dstPath = "";
			dstSubfolderSpec = 10;
			files = (
				129F98F7DC61E600EE043935 /* LogParser.h in CopyFiles */,
				129F928613486D0B36A148EC /* Log.h in CopyFiles */,
				129F9E8448EF08E746A3673C /* SOSLogParser.h in CopyFiles */,
			);
			runOnlyForDeploymentPostprocessing = 0;
		};
/* End PBXCopyFilesBuildPhase section */

/* Begin PBXFileReference section */
		129F904DDAEE790B5C6C3E4B /* FlibtyHelper.m */ = {isa = PBXFileReference; fileEncoding = 4; lastKnownFileType = sourcecode.c.objc; path = FlibtyHelper.m; sourceTree = "<group>"; };
		129F90DA597C88DAADA839CE /* TabbedLogTarget.h */ = {isa = PBXFileReference; fileEncoding = 4; lastKnownFileType = sourcecode.c.h; path = TabbedLogTarget.h; sourceTree = "<group>"; };
		129F90EE3F9D9859EE462B3D /* TabbedLogTarget.m */ = {isa = PBXFileReference; fileEncoding = 4; lastKnownFileType = sourcecode.c.objc; path = TabbedLogTarget.m; sourceTree = "<group>"; };
		129F92FB37E12BF6DF4E7B70 /* TabbedLogTargetFactory.m */ = {isa = PBXFileReference; fileEncoding = 4; lastKnownFileType = sourcecode.c.objc; path = TabbedLogTargetFactory.m; sourceTree = "<group>"; };
		129F93462FCDA1B7329B7297 /* FlibtyConnection.h */ = {isa = PBXFileReference; fileEncoding = 4; lastKnownFileType = sourcecode.c.h; path = FlibtyConnection.h; sourceTree = "<group>"; };
		129F9445D5FFE430C604B481 /* LogTargetFactory.h */ = {isa = PBXFileReference; fileEncoding = 4; lastKnownFileType = sourcecode.c.h; path = LogTargetFactory.h; sourceTree = "<group>"; };
		129F95CDEB3368777BFEE3A8 /* LogContainer.h */ = {isa = PBXFileReference; fileEncoding = 4; lastKnownFileType = sourcecode.c.h; path = LogContainer.h; sourceTree = "<group>"; };
		129F97A14E2D76F8CC912A8D /* FlibtyConnectionDelegate.h */ = {isa = PBXFileReference; fileEncoding = 4; lastKnownFileType = sourcecode.c.h; path = FlibtyConnectionDelegate.h; sourceTree = "<group>"; };
		129F97B6724370C268482330 /* TabbedLogTargetFactory.h */ = {isa = PBXFileReference; fileEncoding = 4; lastKnownFileType = sourcecode.c.h; path = TabbedLogTargetFactory.h; sourceTree = "<group>"; };
		129F98343F0DC04A71AB1EF5 /* Log.h */ = {isa = PBXFileReference; fileEncoding = 4; lastKnownFileType = sourcecode.c.h; path = Log.h; sourceTree = "<group>"; };
		129F98EEC8E1C6076A1EB708 /* LogTarget.h */ = {isa = PBXFileReference; fileEncoding = 4; lastKnownFileType = sourcecode.c.h; path = LogTarget.h; sourceTree = "<group>"; };
		129F9A88B967C8D9E26F7274 /* FlibtyHelper.h */ = {isa = PBXFileReference; fileEncoding = 4; lastKnownFileType = sourcecode.c.h; path = FlibtyHelper.h; sourceTree = "<group>"; };
		129F9A960855E49E0F931449 /* LogParser.h */ = {isa = PBXFileReference; fileEncoding = 4; lastKnownFileType = sourcecode.c.h; path = LogParser.h; sourceTree = "<group>"; };
		129F9CEC79518C7329A376C7 /* FlibtyConnection.m */ = {isa = PBXFileReference; fileEncoding = 4; lastKnownFileType = sourcecode.c.objc; path = FlibtyConnection.m; sourceTree = "<group>"; };
		129F9D2D50CCDE77F58E720B /* Log.m */ = {isa = PBXFileReference; fileEncoding = 4; lastKnownFileType = sourcecode.c.objc; path = Log.m; sourceTree = "<group>"; };
		129F9D6208E40F188A298B13 /* SOSLogParser.h */ = {isa = PBXFileReference; fileEncoding = 4; lastKnownFileType = sourcecode.c.h; path = SOSLogParser.h; sourceTree = "<group>"; };
		129F9E9795DE5A15543DA9BC /* SOSLogParser.m */ = {isa = PBXFileReference; fileEncoding = 4; lastKnownFileType = sourcecode.c.objc; path = SOSLogParser.m; sourceTree = "<group>"; };
		129F9F09616B318B26B937C5 /* LogContainer.m */ = {isa = PBXFileReference; fileEncoding = 4; lastKnownFileType = sourcecode.c.objc; path = LogContainer.m; sourceTree = "<group>"; };
		9F144D871602D1E600D66F8E /* TabbedLogView.xib */ = {isa = PBXFileReference; fileEncoding = 4; lastKnownFileType = file.xib; path = TabbedLogView.xib; sourceTree = "<group>"; };
		9F49366515E0A2350003DAB1 /* flibty.app */ = {isa = PBXFileReference; explicitFileType = wrapper.application; includeInIndex = 0; path = flibty.app; sourceTree = BUILT_PRODUCTS_DIR; };
		9F49366915E0A2350003DAB1 /* Cocoa.framework */ = {isa = PBXFileReference; lastKnownFileType = wrapper.framework; name = Cocoa.framework; path = System/Library/Frameworks/Cocoa.framework; sourceTree = SDKROOT; };
		9F49366C15E0A2350003DAB1 /* AppKit.framework */ = {isa = PBXFileReference; lastKnownFileType = wrapper.framework; name = AppKit.framework; path = System/Library/Frameworks/AppKit.framework; sourceTree = SDKROOT; };
		9F49366D15E0A2350003DAB1 /* CoreData.framework */ = {isa = PBXFileReference; lastKnownFileType = wrapper.framework; name = CoreData.framework; path = System/Library/Frameworks/CoreData.framework; sourceTree = SDKROOT; };
		9F49366E15E0A2350003DAB1 /* Foundation.framework */ = {isa = PBXFileReference; lastKnownFileType = wrapper.framework; name = Foundation.framework; path = System/Library/Frameworks/Foundation.framework; sourceTree = SDKROOT; };
		9F49367115E0A2350003DAB1 /* flibty-Info.plist */ = {isa = PBXFileReference; lastKnownFileType = text.plist.xml; path = "flibty-Info.plist"; sourceTree = "<group>"; };
		9F49367315E0A2350003DAB1 /* InfoPlist.strings */ = {isa = PBXFileReference; lastKnownFileType = text.plist.strings; name = InfoPlist.strings; path = ../en.lproj/InfoPlist.strings; sourceTree = "<group>"; };
		9F49367515E0A2350003DAB1 /* main.m */ = {isa = PBXFileReference; lastKnownFileType = sourcecode.c.objc; path = main.m; sourceTree = "<group>"; };
		9F49367715E0A2350003DAB1 /* flibty-Prefix.pch */ = {isa = PBXFileReference; lastKnownFileType = sourcecode.c.h; path = "flibty-Prefix.pch"; sourceTree = "<group>"; };
		9F49367915E0A2350003DAB1 /* Credits.rtf */ = {isa = PBXFileReference; lastKnownFileType = text.rtf; name = Credits.rtf; path = ../en.lproj/Credits.rtf; sourceTree = "<group>"; };
		9F49367B15E0A2350003DAB1 /* FlibtyAppDelegate.h */ = {isa = PBXFileReference; lastKnownFileType = sourcecode.c.h; path = FlibtyAppDelegate.h; sourceTree = "<group>"; };
		9F49367C15E0A2350003DAB1 /* FlibtyAppDelegate.m */ = {isa = PBXFileReference; lastKnownFileType = sourcecode.c.objc; path = FlibtyAppDelegate.m; sourceTree = "<group>"; };
		9F49367F15E0A2350003DAB1 /* MainMenu.xib */ = {isa = PBXFileReference; lastKnownFileType = file.xib; name = MainMenu.xib; path = ../en.lproj/MainMenu.xib; sourceTree = "<group>"; };
		9F49369E15E175110003DAB1 /* GCDAsyncSocket.h */ = {isa = PBXFileReference; fileEncoding = 4; lastKnownFileType = sourcecode.c.h; path = GCDAsyncSocket.h; sourceTree = "<group>"; };
		9F49369F15E175110003DAB1 /* GCDAsyncSocket.m */ = {isa = PBXFileReference; fileEncoding = 4; lastKnownFileType = sourcecode.c.objc; path = GCDAsyncSocket.m; sourceTree = "<group>"; };
		9F4936A015E175110003DAB1 /* GCDAsyncUdpSocket.h */ = {isa = PBXFileReference; fileEncoding = 4; lastKnownFileType = sourcecode.c.h; path = GCDAsyncUdpSocket.h; sourceTree = "<group>"; };
		9F4936A115E175110003DAB1 /* GCDAsyncUdpSocket.m */ = {isa = PBXFileReference; fileEncoding = 4; lastKnownFileType = sourcecode.c.objc; path = GCDAsyncUdpSocket.m; sourceTree = "<group>"; };
		9F4936A515E1891D0003DAB1 /* FlibtyServer.h */ = {isa = PBXFileReference; fileEncoding = 4; lastKnownFileType = sourcecode.c.h; path = FlibtyServer.h; sourceTree = "<group>"; };
		9F4936A615E1891D0003DAB1 /* FlibtyServer.m */ = {isa = PBXFileReference; fileEncoding = 4; lastKnownFileType = sourcecode.c.objc; path = FlibtyServer.m; sourceTree = "<group>"; };
		9F4936AA15E195C60003DAB1 /* Security.framework */ = {isa = PBXFileReference; lastKnownFileType = wrapper.framework; name = Security.framework; path = System/Library/Frameworks/Security.framework; sourceTree = SDKROOT; };
		9F4936B615E2935A0003DAB1 /* StringUtil.h */ = {isa = PBXFileReference; fileEncoding = 4; lastKnownFileType = sourcecode.c.h; path = StringUtil.h; sourceTree = "<group>"; };
		9F4936B715E2935A0003DAB1 /* StringUtil.m */ = {isa = PBXFileReference; fileEncoding = 4; lastKnownFileType = sourcecode.c.objc; path = StringUtil.m; sourceTree = "<group>"; };
		9F4936B815E2935A0003DAB1 /* XML.h */ = {isa = PBXFileReference; fileEncoding = 4; lastKnownFileType = sourcecode.c.h; path = XML.h; sourceTree = "<group>"; };
		9F4936B915E2935A0003DAB1 /* XML.m */ = {isa = PBXFileReference; fileEncoding = 4; lastKnownFileType = sourcecode.c.objc; path = XML.m; sourceTree = "<group>"; };
		9F4936BA15E2935A0003DAB1 /* XMLLoader.h */ = {isa = PBXFileReference; fileEncoding = 4; lastKnownFileType = sourcecode.c.h; path = XMLLoader.h; sourceTree = "<group>"; };
		9F4936BB15E2935A0003DAB1 /* XMLLoader.m */ = {isa = PBXFileReference; fileEncoding = 4; lastKnownFileType = sourcecode.c.objc; path = XMLLoader.m; sourceTree = "<group>"; };
		9F4936BC15E2935A0003DAB1 /* XMLLoaderDelegate.h */ = {isa = PBXFileReference; fileEncoding = 4; lastKnownFileType = sourcecode.c.h; path = XMLLoaderDelegate.h; sourceTree = "<group>"; };
		9F4936BD15E2935A0003DAB1 /* XMLLoadWatcher.h */ = {isa = PBXFileReference; fileEncoding = 4; lastKnownFileType = sourcecode.c.h; path = XMLLoadWatcher.h; sourceTree = "<group>"; };
		9F4936BE15E2935A0003DAB1 /* XMLLoadWatcher.m */ = {isa = PBXFileReference; fileEncoding = 4; lastKnownFileType = sourcecode.c.objc; path = XMLLoadWatcher.m; sourceTree = "<group>"; };
		9F495D241604495D00D30526 /* PSMTabBarControl.framework */ = {isa = PBXFileReference; lastKnownFileType = wrapper.framework; name = PSMTabBarControl.framework; path = Frameworks/PSMTabBarControl.framework; sourceTree = "<group>"; };
		9F495D2E16044FA500D30526 /* TabModel.h */ = {isa = PBXFileReference; fileEncoding = 4; lastKnownFileType = sourcecode.c.h; path = TabModel.h; sourceTree = "<group>"; };
		9F495D2F16044FA500D30526 /* TabModel.m */ = {isa = PBXFileReference; fileEncoding = 4; lastKnownFileType = sourcecode.c.objc; path = TabModel.m; sourceTree = "<group>"; };
		9F59524A15FD927400EDC44E /* LogDataSource.h */ = {isa = PBXFileReference; fileEncoding = 4; lastKnownFileType = sourcecode.c.h; path = LogDataSource.h; sourceTree = "<group>"; };
		9F59524B15FD927400EDC44E /* LogDataSource.m */ = {isa = PBXFileReference; fileEncoding = 4; lastKnownFileType = sourcecode.c.objc; path = LogDataSource.m; sourceTree = "<group>"; };
		9F71CF5E15F4722E00020C24 /* LogContainer.xib */ = {isa = PBXFileReference; fileEncoding = 4; lastKnownFileType = file.xib; path = LogContainer.xib; sourceTree = "<group>"; };
		9F99E06D16069654005D9C5F /* LogTargetDelegate.h */ = {isa = PBXFileReference; lastKnownFileType = sourcecode.c.h; path = LogTargetDelegate.h; sourceTree = "<group>"; };
/* End PBXFileReference section */

/* Begin PBXFrameworksBuildPhase section */
		9F49366215E0A2350003DAB1 /* Frameworks */ = {
			isa = PBXFrameworksBuildPhase;
			buildActionMask = 2147483647;
			files = (
				9F49366A15E0A2350003DAB1 /* Cocoa.framework in Frameworks */,
				129F9378547C2388AF24C8A6 /* Security.framework in Frameworks */,
				9F495D251604495D00D30526 /* PSMTabBarControl.framework in Frameworks */,
			);
			runOnlyForDeploymentPostprocessing = 0;
		};
/* End PBXFrameworksBuildPhase section */

/* Begin PBXGroup section */
		129F9378681630A7EC58BCF1 /* log */ = {
			isa = PBXGroup;
			children = (
				129F9445D5FFE430C604B481 /* LogTargetFactory.h */,
				129F98EEC8E1C6076A1EB708 /* LogTarget.h */,
				129F9A960855E49E0F931449 /* LogParser.h */,
				129F9D2D50CCDE77F58E720B /* Log.m */,
				129F98343F0DC04A71AB1EF5 /* Log.h */,
				9F4936A615E1891D0003DAB1 /* FlibtyServer.m */,
				9F4936A515E1891D0003DAB1 /* FlibtyServer.h */,
				129F904DDAEE790B5C6C3E4B /* FlibtyHelper.m */,
				129F9A88B967C8D9E26F7274 /* FlibtyHelper.h */,
				129F97A14E2D76F8CC912A8D /* FlibtyConnectionDelegate.h */,
				129F9CEC79518C7329A376C7 /* FlibtyConnection.m */,
				129F93462FCDA1B7329B7297 /* FlibtyConnection.h */,
				9F99E06D16069654005D9C5F /* LogTargetDelegate.h */,
			);
			path = log;
			sourceTree = "<group>";
		};
		129F9562CA4B5BFE28206684 /* resources */ = {
			isa = PBXGroup;
			children = (
				9F144D871602D1E600D66F8E /* TabbedLogView.xib */,
				9F49367E15E0A2350003DAB1 /* MainMenu.xib */,
				9F71CF5E15F4722E00020C24 /* LogContainer.xib */,
				9F49367715E0A2350003DAB1 /* flibty-Prefix.pch */,
				9F49367115E0A2350003DAB1 /* flibty-Info.plist */,
				9F49367215E0A2350003DAB1 /* InfoPlist.strings */,
				9F49367815E0A2350003DAB1 /* Credits.rtf */,
			);
			path = resources;
			sourceTree = "<group>";
		};
		129F95FAE018880544361E57 /* ui */ = {
			isa = PBXGroup;
			children = (
				129F9667A12A31C4F83722AC /* container */,
				129F97B6724370C268482330 /* TabbedLogTargetFactory.h */,
				129F92FB37E12BF6DF4E7B70 /* TabbedLogTargetFactory.m */,
				129F90DA597C88DAADA839CE /* TabbedLogTarget.h */,
				129F90EE3F9D9859EE462B3D /* TabbedLogTarget.m */,
				9F495D2E16044FA500D30526 /* TabModel.h */,
				9F495D2F16044FA500D30526 /* TabModel.m */,
			);
			path = ui;
			sourceTree = "<group>";
		};
		129F9667A12A31C4F83722AC /* container */ = {
			isa = PBXGroup;
			children = (
				129F95CDEB3368777BFEE3A8 /* LogContainer.h */,
				129F9F09616B318B26B937C5 /* LogContainer.m */,
				9F59524A15FD927400EDC44E /* LogDataSource.h */,
				9F59524B15FD927400EDC44E /* LogDataSource.m */,
			);
			path = container;
			sourceTree = "<group>";
		};
		129F97E4E4711F8EBFB2FEC1 /* parsers */ = {
			isa = PBXGroup;
			children = (
				129F9D6208E40F188A298B13 /* SOSLogParser.h */,
				129F9E9795DE5A15543DA9BC /* SOSLogParser.m */,
			);
			path = parsers;
			sourceTree = "<group>";
		};
		129F98BD1A5B89D60CB896A3 /* xml */ = {
			isa = PBXGroup;
			children = (
				9F4936BE15E2935A0003DAB1 /* XMLLoadWatcher.m */,
				9F4936BD15E2935A0003DAB1 /* XMLLoadWatcher.h */,
				9F4936BC15E2935A0003DAB1 /* XMLLoaderDelegate.h */,
				9F4936BB15E2935A0003DAB1 /* XMLLoader.m */,
				9F4936BA15E2935A0003DAB1 /* XMLLoader.h */,
				9F4936B915E2935A0003DAB1 /* XML.m */,
				9F4936B815E2935A0003DAB1 /* XML.h */,
				9F4936B715E2935A0003DAB1 /* StringUtil.m */,
				9F4936B615E2935A0003DAB1 /* StringUtil.h */,
			);
			path = xml;
			sourceTree = "<group>";
		};
		129F9FCD7CAC3DED1DA73733 /* net */ = {
			isa = PBXGroup;
			children = (
				9F4936A115E175110003DAB1 /* GCDAsyncUdpSocket.m */,
				9F4936A015E175110003DAB1 /* GCDAsyncUdpSocket.h */,
				9F49369F15E175110003DAB1 /* GCDAsyncSocket.m */,
				9F49369E15E175110003DAB1 /* GCDAsyncSocket.h */,
			);
			path = net;
			sourceTree = "<group>";
		};
		9F49365A15E0A2350003DAB1 = {
			isa = PBXGroup;
			children = (
				9F49366F15E0A2350003DAB1 /* flibty */,
				9F49366815E0A2350003DAB1 /* Frameworks */,
				9F49366615E0A2350003DAB1 /* Products */,
			);
			sourceTree = "<group>";
		};
		9F49366615E0A2350003DAB1 /* Products */ = {
			isa = PBXGroup;
			children = (
				9F49366515E0A2350003DAB1 /* flibty.app */,
			);
			name = Products;
			sourceTree = "<group>";
		};
		9F49366815E0A2350003DAB1 /* Frameworks */ = {
			isa = PBXGroup;
			children = (
				9F495D241604495D00D30526 /* PSMTabBarControl.framework */,
				9F4936AA15E195C60003DAB1 /* Security.framework */,
				9F49366915E0A2350003DAB1 /* Cocoa.framework */,
				9F49366B15E0A2350003DAB1 /* Other Frameworks */,
			);
			name = Frameworks;
			sourceTree = "<group>";
		};
		9F49366B15E0A2350003DAB1 /* Other Frameworks */ = {
			isa = PBXGroup;
			children = (
				9F49366C15E0A2350003DAB1 /* AppKit.framework */,
				9F49366D15E0A2350003DAB1 /* CoreData.framework */,
				9F49366E15E0A2350003DAB1 /* Foundation.framework */,
			);
			name = "Other Frameworks";
			sourceTree = "<group>";
		};
		9F49366F15E0A2350003DAB1 /* flibty */ = {
			isa = PBXGroup;
			children = (
				129F9FCD7CAC3DED1DA73733 /* net */,
				129F9378681630A7EC58BCF1 /* log */,
				129F98BD1A5B89D60CB896A3 /* xml */,
				129F9562CA4B5BFE28206684 /* resources */,
				129F95FAE018880544361E57 /* ui */,
				129F97E4E4711F8EBFB2FEC1 /* parsers */,
				9F49367B15E0A2350003DAB1 /* FlibtyAppDelegate.h */,
				9F49367C15E0A2350003DAB1 /* FlibtyAppDelegate.m */,
				9F49367515E0A2350003DAB1 /* main.m */,
			);
			path = flibty;
			sourceTree = "<group>";
		};
/* End PBXGroup section */

/* Begin PBXNativeTarget section */
		9F49366415E0A2350003DAB1 /* flibty */ = {
			isa = PBXNativeTarget;
			buildConfigurationList = 9F49369715E0A2360003DAB1 /* Build configuration list for PBXNativeTarget "flibty" */;
			buildPhases = (
				9F17176715EB3386006466A0 /* CopyFiles */,
				9F49366115E0A2350003DAB1 /* Sources */,
				9F49366215E0A2350003DAB1 /* Frameworks */,
				9F49366315E0A2350003DAB1 /* Resources */,
			);
			buildRules = (
			);
			dependencies = (
			);
			name = flibty;
			productName = flibty;
			productReference = 9F49366515E0A2350003DAB1 /* flibty.app */;
			productType = "com.apple.product-type.application";
		};
/* End PBXNativeTarget section */

/* Begin PBXProject section */
		9F49365C15E0A2350003DAB1 /* Project object */ = {
			isa = PBXProject;
			attributes = {
				CLASSPREFIX = Flibty;
				LastUpgradeCheck = 0440;
				ORGANIZATIONNAME = "Matt Bolt";
			};
			buildConfigurationList = 9F49365F15E0A2350003DAB1 /* Build configuration list for PBXProject "flibty" */;
			compatibilityVersion = "Xcode 3.2";
			developmentRegion = English;
			hasScannedForEncodings = 0;
			knownRegions = (
				en,
			);
			mainGroup = 9F49365A15E0A2350003DAB1;
			productRefGroup = 9F49366615E0A2350003DAB1 /* Products */;
			projectDirPath = "";
			projectRoot = "";
			targets = (
				9F49366415E0A2350003DAB1 /* flibty */,
			);
		};
/* End PBXProject section */

/* Begin PBXResourcesBuildPhase section */
		9F49366315E0A2350003DAB1 /* Resources */ = {
			isa = PBXResourcesBuildPhase;
			buildActionMask = 2147483647;
			files = (
				9F49367415E0A2350003DAB1 /* InfoPlist.strings in Resources */,
				9F49367A15E0A2350003DAB1 /* Credits.rtf in Resources */,
				9F49368015E0A2350003DAB1 /* MainMenu.xib in Resources */,
				9F71CF5F15F4722E00020C24 /* LogContainer.xib in Resources */,
				9F144D881602D1E600D66F8E /* TabbedLogView.xib in Resources */,
			);
			runOnlyForDeploymentPostprocessing = 0;
		};
/* End PBXResourcesBuildPhase section */

/* Begin PBXSourcesBuildPhase section */
		9F49366115E0A2350003DAB1 /* Sources */ = {
			isa = PBXSourcesBuildPhase;
			buildActionMask = 2147483647;
			files = (
				9F4936AE15E196440003DAB1 /* GCDAsyncSocket.m in Sources */,
				9F4936B015E196440003DAB1 /* GCDAsyncUdpSocket.m in Sources */,
				9F49367615E0A2350003DAB1 /* main.m in Sources */,
				9F49367D15E0A2350003DAB1 /* FlibtyAppDelegate.m in Sources */,
				9F4936A715E1891D0003DAB1 /* FlibtyServer.m in Sources */,
				9F4936BF15E2935A0003DAB1 /* StringUtil.m in Sources */,
				9F4936C115E2935A0003DAB1 /* XML.m in Sources */,
				9F4936C315E2935A0003DAB1 /* XMLLoader.m in Sources */,
				9F4936C515E2935A0003DAB1 /* XMLLoadWatcher.m in Sources */,
				129F9F10642223C20D11D52B /* FlibtyConnection.m in Sources */,
				129F9DA3331281DE06BEB3E1 /* FlibtyHelper.m in Sources */,
				129F95D4BE481C6458E79422 /* TabbedLogTarget.m in Sources */,
				129F92A5B5FE7B83200D48DA /* TabbedLogTargetFactory.m in Sources */,
				129F987384621A290787BAE5 /* Log.m in Sources */,
				129F9183C4FBA0F1ADAB305C /* SOSLogParser.m in Sources */,
				129F9EAFF7AAD3A513DAE6D8 /* LogContainer.m in Sources */,
				9F59524C15FD927400EDC44E /* LogDataSource.m in Sources */,
				9F495D3016044FA500D30526 /* TabModel.m in Sources */,
			);
			runOnlyForDeploymentPostprocessing = 0;
		};
/* End PBXSourcesBuildPhase section */

/* Begin PBXVariantGroup section */
		9F49367215E0A2350003DAB1 /* InfoPlist.strings */ = {
			isa = PBXVariantGroup;
			children = (
				9F49367315E0A2350003DAB1 /* InfoPlist.strings */,
			);
			name = InfoPlist.strings;
			sourceTree = "<group>";
		};
		9F49367815E0A2350003DAB1 /* Credits.rtf */ = {
			isa = PBXVariantGroup;
			children = (
				9F49367915E0A2350003DAB1 /* Credits.rtf */,
			);
			name = Credits.rtf;
			sourceTree = "<group>";
		};
		9F49367E15E0A2350003DAB1 /* MainMenu.xib */ = {
			isa = PBXVariantGroup;
			children = (
				9F49367F15E0A2350003DAB1 /* MainMenu.xib */,
			);
			name = MainMenu.xib;
			sourceTree = "<group>";
		};
/* End PBXVariantGroup section */

/* Begin XCBuildConfiguration section */
		9F49369515E0A2360003DAB1 /* Debug */ = {
			isa = XCBuildConfiguration;
			buildSettings = {
				ALWAYS_SEARCH_USER_PATHS = NO;
				ARCHS = "$(ARCHS_STANDARD_64_BIT)";
				CLANG_CXX_LANGUAGE_STANDARD = "gnu++0x";
				CLANG_ENABLE_OBJC_ARC = YES;
				CLANG_WARN__DUPLICATE_METHOD_MATCH = YES;
				COPY_PHASE_STRIP = NO;
				GCC_C_LANGUAGE_STANDARD = gnu99;
				GCC_DYNAMIC_NO_PIC = NO;
				GCC_ENABLE_OBJC_EXCEPTIONS = YES;
				GCC_OPTIMIZATION_LEVEL = 0;
				GCC_PREPROCESSOR_DEFINITIONS = (
					"DEBUG=1",
					"$(inherited)",
				);
				GCC_SYMBOLS_PRIVATE_EXTERN = NO;
				GCC_WARN_64_TO_32_BIT_CONVERSION = YES;
				GCC_WARN_ABOUT_RETURN_TYPE = YES;
				GCC_WARN_UNINITIALIZED_AUTOS = YES;
				GCC_WARN_UNUSED_VARIABLE = YES;
				MACOSX_DEPLOYMENT_TARGET = 10.7;
				ONLY_ACTIVE_ARCH = YES;
				SDKROOT = "";
			};
			name = Debug;
		};
		9F49369615E0A2360003DAB1 /* Release */ = {
			isa = XCBuildConfiguration;
			buildSettings = {
				ALWAYS_SEARCH_USER_PATHS = NO;
				ARCHS = "$(ARCHS_STANDARD_64_BIT)";
				CLANG_CXX_LANGUAGE_STANDARD = "gnu++0x";
				CLANG_ENABLE_OBJC_ARC = YES;
				CLANG_WARN__DUPLICATE_METHOD_MATCH = YES;
				COPY_PHASE_STRIP = YES;
				DEBUG_INFORMATION_FORMAT = "dwarf-with-dsym";
				GCC_C_LANGUAGE_STANDARD = gnu99;
				GCC_ENABLE_OBJC_EXCEPTIONS = YES;
				GCC_WARN_64_TO_32_BIT_CONVERSION = YES;
				GCC_WARN_ABOUT_RETURN_TYPE = YES;
				GCC_WARN_UNINITIALIZED_AUTOS = YES;
				GCC_WARN_UNUSED_VARIABLE = YES;
				MACOSX_DEPLOYMENT_TARGET = 10.7;
				ONLY_ACTIVE_ARCH = YES;
				SDKROOT = "";
			};
			name = Release;
		};
		9F49369815E0A2360003DAB1 /* Debug */ = {
			isa = XCBuildConfiguration;
			buildSettings = {
				ALWAYS_SEARCH_USER_PATHS = YES;
				ARCHS = "$(ARCHS_STANDARD_32_64_BIT)";
				COMBINE_HIDPI_IMAGES = YES;
				FRAMEWORK_SEARCH_PATHS = (
					"\"$(SRCROOT)\"/**",
					"\"$(SRCROOT)/Frameworks\"",
				);
				GCC_PRECOMPILE_PREFIX_HEADER = YES;
				GCC_PREFIX_HEADER = "flibty/resources/flibty-Prefix.pch";
				INFOPLIST_FILE = "flibty/resources/flibty-Info.plist";
				LIBRARY_SEARCH_PATHS = (
					"$(inherited)",
					"\"$(SDKROOT)/usr/lib/system\"",
				);
				MACOSX_DEPLOYMENT_TARGET = 10.7;
				PRODUCT_NAME = "$(TARGET_NAME)";
				SDKROOT = macosx;
				WRAPPER_EXTENSION = app;
			};
			name = Debug;
		};
		9F49369915E0A2360003DAB1 /* Release */ = {
			isa = XCBuildConfiguration;
			buildSettings = {
				ALWAYS_SEARCH_USER_PATHS = YES;
				ARCHS = "$(ARCHS_STANDARD_32_64_BIT)";
				COMBINE_HIDPI_IMAGES = YES;
				FRAMEWORK_SEARCH_PATHS = (
					"\"$(SRCROOT)\"/**",
					"\"$(SRCROOT)/Frameworks\"",
				);
				GCC_PRECOMPILE_PREFIX_HEADER = YES;
				GCC_PREFIX_HEADER = "flibty/resources/flibty-Prefix.pch";
				INFOPLIST_FILE = "flibty/resources/flibty-Info.plist";
				LIBRARY_SEARCH_PATHS = (
					"$(inherited)",
					"\"$(SDKROOT)/usr/lib/system\"",
				);
				MACOSX_DEPLOYMENT_TARGET = 10.7;
				PRODUCT_NAME = "$(TARGET_NAME)";
				SDKROOT = macosx;
				WRAPPER_EXTENSION = app;
			};
			name = Release;
		};
/* End XCBuildConfiguration section */

/* Begin XCConfigurationList section */
		9F49365F15E0A2350003DAB1 /* Build configuration list for PBXProject "flibty" */ = {
			isa = XCConfigurationList;
			buildConfigurations = (
				9F49369515E0A2360003DAB1 /* Debug */,
				9F49369615E0A2360003DAB1 /* Release */,
			);
			defaultConfigurationIsVisible = 0;
			defaultConfigurationName = Release;
		};
		9F49369715E0A2360003DAB1 /* Build configuration list for PBXNativeTarget "flibty" */ = {
			isa = XCConfigurationList;
			buildConfigurations = (
				9F49369815E0A2360003DAB1 /* Debug */,
				9F49369915E0A2360003DAB1 /* Release */,
			);
			defaultConfigurationIsVisible = 0;
			defaultConfigurationName = Release;
		};
/* End XCConfigurationList section */
	};
	rootObject = 9F49365C15E0A2350003DAB1 /* Project object */;
}
